{
    "_meta": {
        "hash": {
            "sha256": "32fce031ff79d6980d7323a93a32c94026a88e5f52ce4b9054d6dbcf4d85fd0a"
        },
        "pipfile-spec": 6,
        "requires": {
            "python_version": "3.8"
        },
        "sources": [
            {
                "name": "pypi",
                "url": "https://pypi.org/simple",
                "verify_ssl": true
            }
        ]
    },
    "default": {
        "argparse": {
            "hashes": [
                "sha256:62b089a55be1d8949cd2bc7e0df0bddb9e028faefc8c32038cc84862aefdd6e4",
                "sha256:c31647edb69fd3d465a847ea3157d37bed1f95f19760b11a47aa91c04b666314"
            ],
            "index": "pypi",
            "version": "==1.4.0"
        },
        "beautifulsoup4": {
            "hashes": [
                "sha256:4c98143716ef1cb40bf7f39a8e3eec8f8b009509e74904ba3a7b315431577e35",
                "sha256:84729e322ad1d5b4d25f805bfa05b902dd96450f43842c4e99067d5e1369eb25",
                "sha256:fff47e031e34ec82bf17e00da8f592fe7de69aeea38be00523c04623c04fb666"
            ],
            "index": "pypi",
            "version": "==4.9.3"
        },
        "filetype": {
            "hashes": [
                "sha256:353369948bb1c09b8b3ea3d78390b5586e9399bff9aab894a1dff954e31a66f6",
                "sha256:da393ece8d98b47edf2dd5a85a2c8733e44b769e32c71af4cd96ed8d38d96aa7"
            ],
            "index": "pypi",
            "version": "==1.0.7"
        },
        "pymaybe": {
            "hashes": [
                "sha256:01d0f71b98e1c155ecfecd9db44ce49f37ae374b5cb8f1d27c0ee00c3d7aa4dd",
                "sha256:77ed1602e1b9e8b05dccd0d84891ede4ee2004728170e52af7f9c08d4c62378c"
            ],
            "index": "pypi",
            "version": "==0.1.6"
        },
        "pypika": {
            "hashes": [
                "sha256:c22aeaa38f662c446d3661576fbe93defbad9743aa63f4d99d5cee9325268163"
            ],
            "index": "pypi",
            "version": "==0.47.4"
        },
        "soupsieve": {
            "hashes": [
                "sha256:4bb21a6ee4707bf43b61230e80740e71bfe56e55d1f1f50924b087bb2975c851",
                "sha256:6dc52924dc0bc710a5d16794e6b3480b2c7c08b07729505feab2b2c16661ff6e"
            ],
            "markers": "python_version >= '3.0'",
            "version": "==2.1"
        }
    },
    "develop": {}
}
