{
    "_meta": {
        "hash": {
            "sha256": "0177191a24c1d5253f0d3f2c3f22eacdd64cef368559c196645ae353ef43f052"
        },
        "pipfile-spec": 6,
        "requires": {
            "python_version": "3.8"
        },
        "sources": [
            {
                "name": "pypi",
                "url": "https://pypi.org/simple",
                "verify_ssl": true
            }
        ]
    },
    "default": {
        "argparse": {
            "hashes": [
                "sha256:62b089a55be1d8949cd2bc7e0df0bddb9e028faefc8c32038cc84862aefdd6e4",
                "sha256:c31647edb69fd3d465a847ea3157d37bed1f95f19760b11a47aa91c04b666314"
            ],
            "index": "pypi",
            "version": "==1.4.0"
        },
        "beautifulsoup4": {
            "hashes": [
                "sha256:4c98143716ef1cb40bf7f39a8e3eec8f8b009509e74904ba3a7b315431577e35",
                "sha256:84729e322ad1d5b4d25f805bfa05b902dd96450f43842c4e99067d5e1369eb25",
                "sha256:fff47e031e34ec82bf17e00da8f592fe7de69aeea38be00523c04623c04fb666"
            ],
            "index": "pypi",
            "version": "==4.9.3"
        },
        "pymaybe": {
            "hashes": [
                "sha256:01d0f71b98e1c155ecfecd9db44ce49f37ae374b5cb8f1d27c0ee00c3d7aa4dd",
                "sha256:77ed1602e1b9e8b05dccd0d84891ede4ee2004728170e52af7f9c08d4c62378c"
            ],
            "index": "pypi",
            "version": "==0.1.6"
        },
        "pypika": {
            "hashes": [
                "sha256:f02fbfd2f70b1cee0f1ee8d750c2134912da776280d350a3c7491510d5566f1b"
            ],
            "index": "pypi",
            "version": "==0.47.3"
        },
        "soupsieve": {
            "hashes": [
                "sha256:4bb21a6ee4707bf43b61230e80740e71bfe56e55d1f1f50924b087bb2975c851",
                "sha256:6dc52924dc0bc710a5d16794e6b3480b2c7c08b07729505feab2b2c16661ff6e"
            ],
            "markers": "python_version >= '3.0'",
            "version": "==2.1"
        }
    },
    "develop": {}
}
